# This file is automatically @generated by Cargo.
# It is not intended for manual editing.
version = 4

[[package]]
name = "rextio-cuda-driver-loader"
version = "0.1.0"

[[package]]
name = "rextio-cuda-driver-probe"
version = "0.1.0"
dependencies = [
 "rextio-cuda-driver-loader",
]

[[package]]
name = "rextio-cuda-runtime"
version = "0.1.0"

[[package]]
name = "rextio-cuda-runtime-smoke"
version = "0.1.0"
dependencies = [
 "rextio-cuda-driver-loader",
 "rextio-cuda-runtime",
]
